
Microsoft Visual Studio Solution File, Format Version 12.00
# Visual Studio 14
VisualStudioVersion = 14.0.25420.1
MinimumVisualStudioVersion = 10.0.40219.1
Project("{FAE04EC0-301F-11D3-BF4B-00C04F79EFBC}") = "Net.Appclusive.Public", "Net.Appclusive.Public\Net.Appclusive.Public.csproj", "{5ED5A163-5CBF-4A5B-913A-51BCE3E1B6DA}"
EndProject
Project("{FAE04EC0-301F-11D3-BF4B-00C04F79EFBC}") = "Net.Appclusive.Public.Tests", "Net.Appclusive.Public.Tests\Net.Appclusive.Public.Tests.csproj", "{12FB21F5-DDC4-4832-AEB6-AEFEFA4A6DBD}"
EndProject
Project("{2150E333-8FDC-42A3-9474-1A3956D46DE8}") = "Versioning", "Versioning", "{C423BCBF-0331-4BD7-98CB-8B7701ECDB4B}"
	ProjectSection(SolutionItems) = preProject
		CommonAssemblySettings.cs = CommonAssemblySettings.cs
	EndProjectSection
EndProject
Project("{FAE04EC0-301F-11D3-BF4B-00C04F79EFBC}") = "Net.Appclusive.Examples", "..\..\Net.Appclusive.Examples\src\Net.Appclusive.Examples\Net.Appclusive.Examples.csproj", "{B7CE6BD5-2275-4E3D-8864-47DF83454E34}"
EndProject
Global
	GlobalSection(SolutionConfigurationPlatforms) = preSolution
		Debug|Any CPU = Debug|Any CPU
		Release|Any CPU = Release|Any CPU
	EndGlobalSection
	GlobalSection(ProjectConfigurationPlatforms) = postSolution
		{5ED5A163-5CBF-4A5B-913A-51BCE3E1B6DA}.Debug|Any CPU.ActiveCfg = Debug|Any CPU
		{5ED5A163-5CBF-4A5B-913A-51BCE3E1B6DA}.Debug|Any CPU.Build.0 = Debug|Any CPU
		{5ED5A163-5CBF-4A5B-913A-51BCE3E1B6DA}.Release|Any CPU.ActiveCfg = Release|Any CPU
		{5ED5A163-5CBF-4A5B-913A-51BCE3E1B6DA}.Release|Any CPU.Build.0 = Release|Any CPU
		{12FB21F5-DDC4-4832-AEB6-AEFEFA4A6DBD}.Debug|Any CPU.ActiveCfg = Debug|Any CPU
		{12FB21F5-DDC4-4832-AEB6-AEFEFA4A6DBD}.Debug|Any CPU.Build.0 = Debug|Any CPU
		{12FB21F5-DDC4-4832-AEB6-AEFEFA4A6DBD}.Release|Any CPU.ActiveCfg = Release|Any CPU
		{12FB21F5-DDC4-4832-AEB6-AEFEFA4A6DBD}.Release|Any CPU.Build.0 = Release|Any CPU
		{B7CE6BD5-2275-4E3D-8864-47DF83454E34}.Debug|Any CPU.ActiveCfg = Debug|Any CPU
		{B7CE6BD5-2275-4E3D-8864-47DF83454E34}.Debug|Any CPU.Build.0 = Debug|Any CPU
		{B7CE6BD5-2275-4E3D-8864-47DF83454E34}.Release|Any CPU.ActiveCfg = Release|Any CPU
		{B7CE6BD5-2275-4E3D-8864-47DF83454E34}.Release|Any CPU.Build.0 = Release|Any CPU
	EndGlobalSection
	GlobalSection(SolutionProperties) = preSolution
		HideSolutionNode = FALSE
	EndGlobalSection
EndGlobal
